
Microsoft Visual Studio Solution File, Format Version 11.00
# Visual Studio 2010
Project("{E24C65DC-7377-472B-9ABA-BC803B73C61A}") = "SPVisionet.CorporateSecretary", "SPVisionet.CorporateSecretary\", "{A82735F1-D9BC-48D9-940B-BFB3F86C3BBD}"
	ProjectSection(WebsiteProperties) = preProject
		TargetFrameworkMoniker = ".NETFramework,Version%3Dv3.5"
		ProjectReferences = "{562511DA-67DB-4BF7-80F9-4A8B97FEB452}|SPVisionet.CorporateSecretary.Common.dll;"
		Debug.AspNetCompiler.VirtualPath = "/SPVisionet.CorporateSecretary"
		Debug.AspNetCompiler.PhysicalPath = "SPVisionet.CorporateSecretary\"
		Debug.AspNetCompiler.TargetPath = "PrecompiledWeb\SPVisionet.CorporateSecretary\"
		Debug.AspNetCompiler.Updateable = "true"
		Debug.AspNetCompiler.ForceOverwrite = "true"
		Debug.AspNetCompiler.FixedNames = "false"
		Debug.AspNetCompiler.Debug = "True"
		Release.AspNetCompiler.VirtualPath = "/SPVisionet.CorporateSecretary"
		Release.AspNetCompiler.PhysicalPath = "SPVisionet.CorporateSecretary\"
		Release.AspNetCompiler.TargetPath = "PrecompiledWeb\SPVisionet.CorporateSecretary\"
		Release.AspNetCompiler.Updateable = "true"
		Release.AspNetCompiler.ForceOverwrite = "true"
		Release.AspNetCompiler.FixedNames = "false"
		Release.AspNetCompiler.Debug = "False"
		VWDPort = "49275"
		DefaultWebSiteLanguage = "Visual C#"
	EndProjectSection
EndProject
Project("{FAE04EC0-301F-11D3-BF4B-00C04F79EFBC}") = "SPVisionet.CorporateSecretary.WebParts", "SPVisionet.CorporateSecretary.WebParts\SPVisionet.CorporateSecretary.WebParts.csproj", "{F0C8B302-666F-418E-9499-ABA1CCEF5196}"
EndProject
Project("{FAE04EC0-301F-11D3-BF4B-00C04F79EFBC}") = "SPVisionet.CorporateSecretary.Common", "SPVisionet.CorporateSecretary.Common\SPVisionet.CorporateSecretary.Common.csproj", "{562511DA-67DB-4BF7-80F9-4A8B97FEB452}"
EndProject
Project("{FAE04EC0-301F-11D3-BF4B-00C04F79EFBC}") = "Testing", "Testing\Testing.csproj", "{419520DF-C5FF-4141-A464-A6ECCB97FC63}"
EndProject
Project("{FAE04EC0-301F-11D3-BF4B-00C04F79EFBC}") = "SPVisionet.CorporateSecretary.WebControls", "SPVisionet.CorporateSecretary.WebControls\SPVisionet.CorporateSecretary.WebControls.csproj", "{E3E95E5B-6B1E-47A8-8BAD-528D4237317A}"
EndProject
Project("{FAE04EC0-301F-11D3-BF4B-00C04F79EFBC}") = "SPVisionet.CorporateSecretary.Workflow.Activity", "SPVisionet.CorporateSecretary.Workflow.Activity\SPVisionet.CorporateSecretary.Workflow.Activity.csproj", "{458AFACB-ED06-4FFE-B761-F28CC4AF88A6}"
EndProject
Project("{FAE04EC0-301F-11D3-BF4B-00C04F79EFBC}") = "SPVisionet.CorporateSecretary.Workflow", "SPVisionet.CorporateSecretary.Workflow\SPVisionet.CorporateSecretary.Workflow.csproj", "{9B1F0170-2354-43BE-896C-3F44120B387F}"
EndProject
Global
	GlobalSection(SolutionConfigurationPlatforms) = preSolution
		Debug|Any CPU = Debug|Any CPU
		Debug|Mixed Platforms = Debug|Mixed Platforms
		Debug|x86 = Debug|x86
		Release|Any CPU = Release|Any CPU
		Release|Mixed Platforms = Release|Mixed Platforms
		Release|x86 = Release|x86
	EndGlobalSection
	GlobalSection(ProjectConfigurationPlatforms) = postSolution
		{A82735F1-D9BC-48D9-940B-BFB3F86C3BBD}.Debug|Any CPU.ActiveCfg = Debug|Any CPU
		{A82735F1-D9BC-48D9-940B-BFB3F86C3BBD}.Debug|Any CPU.Build.0 = Debug|Any CPU
		{A82735F1-D9BC-48D9-940B-BFB3F86C3BBD}.Debug|Mixed Platforms.ActiveCfg = Debug|Any CPU
		{A82735F1-D9BC-48D9-940B-BFB3F86C3BBD}.Debug|Mixed Platforms.Build.0 = Debug|Any CPU
		{A82735F1-D9BC-48D9-940B-BFB3F86C3BBD}.Debug|x86.ActiveCfg = Debug|Any CPU
		{A82735F1-D9BC-48D9-940B-BFB3F86C3BBD}.Release|Any CPU.ActiveCfg = Debug|Any CPU
		{A82735F1-D9BC-48D9-940B-BFB3F86C3BBD}.Release|Any CPU.Build.0 = Debug|Any CPU
		{A82735F1-D9BC-48D9-940B-BFB3F86C3BBD}.Release|Mixed Platforms.ActiveCfg = Debug|Any CPU
		{A82735F1-D9BC-48D9-940B-BFB3F86C3BBD}.Release|Mixed Platforms.Build.0 = Debug|Any CPU
		{A82735F1-D9BC-48D9-940B-BFB3F86C3BBD}.Release|x86.ActiveCfg = Debug|Any CPU
		{F0C8B302-666F-418E-9499-ABA1CCEF5196}.Debug|Any CPU.ActiveCfg = Debug|Any CPU
		{F0C8B302-666F-418E-9499-ABA1CCEF5196}.Debug|Any CPU.Build.0 = Debug|Any CPU
		{F0C8B302-666F-418E-9499-ABA1CCEF5196}.Debug|Mixed Platforms.ActiveCfg = Debug|Any CPU
		{F0C8B302-666F-418E-9499-ABA1CCEF5196}.Debug|Mixed Platforms.Build.0 = Debug|Any CPU
		{F0C8B302-666F-418E-9499-ABA1CCEF5196}.Debug|Mixed Platforms.Deploy.0 = Debug|Any CPU
		{F0C8B302-666F-418E-9499-ABA1CCEF5196}.Debug|x86.ActiveCfg = Debug|Any CPU
		{F0C8B302-666F-418E-9499-ABA1CCEF5196}.Release|Any CPU.ActiveCfg = Release|Any CPU
		{F0C8B302-666F-418E-9499-ABA1CCEF5196}.Release|Any CPU.Build.0 = Release|Any CPU
		{F0C8B302-666F-418E-9499-ABA1CCEF5196}.Release|Any CPU.Deploy.0 = Release|Any CPU
		{F0C8B302-666F-418E-9499-ABA1CCEF5196}.Release|Mixed Platforms.ActiveCfg = Release|Any CPU
		{F0C8B302-666F-418E-9499-ABA1CCEF5196}.Release|Mixed Platforms.Build.0 = Release|Any CPU
		{F0C8B302-666F-418E-9499-ABA1CCEF5196}.Release|Mixed Platforms.Deploy.0 = Release|Any CPU
		{F0C8B302-666F-418E-9499-ABA1CCEF5196}.Release|x86.ActiveCfg = Release|Any CPU
		{562511DA-67DB-4BF7-80F9-4A8B97FEB452}.Debug|Any CPU.ActiveCfg = Debug|Any CPU
		{562511DA-67DB-4BF7-80F9-4A8B97FEB452}.Debug|Any CPU.Build.0 = Debug|Any CPU
		{562511DA-67DB-4BF7-80F9-4A8B97FEB452}.Debug|Mixed Platforms.ActiveCfg = Debug|Any CPU
		{562511DA-67DB-4BF7-80F9-4A8B97FEB452}.Debug|Mixed Platforms.Build.0 = Debug|Any CPU
		{562511DA-67DB-4BF7-80F9-4A8B97FEB452}.Debug|x86.ActiveCfg = Debug|Any CPU
		{562511DA-67DB-4BF7-80F9-4A8B97FEB452}.Release|Any CPU.ActiveCfg = Release|Any CPU
		{562511DA-67DB-4BF7-80F9-4A8B97FEB452}.Release|Any CPU.Build.0 = Release|Any CPU
		{562511DA-67DB-4BF7-80F9-4A8B97FEB452}.Release|Mixed Platforms.ActiveCfg = Release|Any CPU
		{562511DA-67DB-4BF7-80F9-4A8B97FEB452}.Release|Mixed Platforms.Build.0 = Release|Any CPU
		{562511DA-67DB-4BF7-80F9-4A8B97FEB452}.Release|x86.ActiveCfg = Release|Any CPU
		{419520DF-C5FF-4141-A464-A6ECCB97FC63}.Debug|Any CPU.ActiveCfg = Debug|x86
		{419520DF-C5FF-4141-A464-A6ECCB97FC63}.Debug|Mixed Platforms.ActiveCfg = Debug|x86
		{419520DF-C5FF-4141-A464-A6ECCB97FC63}.Debug|Mixed Platforms.Build.0 = Debug|x86
		{419520DF-C5FF-4141-A464-A6ECCB97FC63}.Debug|x86.ActiveCfg = Debug|x86
		{419520DF-C5FF-4141-A464-A6ECCB97FC63}.Debug|x86.Build.0 = Debug|x86
		{419520DF-C5FF-4141-A464-A6ECCB97FC63}.Release|Any CPU.ActiveCfg = Release|x86
		{419520DF-C5FF-4141-A464-A6ECCB97FC63}.Release|Mixed Platforms.ActiveCfg = Release|x86
		{419520DF-C5FF-4141-A464-A6ECCB97FC63}.Release|Mixed Platforms.Build.0 = Release|x86
		{419520DF-C5FF-4141-A464-A6ECCB97FC63}.Release|x86.ActiveCfg = Release|x86
		{419520DF-C5FF-4141-A464-A6ECCB97FC63}.Release|x86.Build.0 = Release|x86
		{E3E95E5B-6B1E-47A8-8BAD-528D4237317A}.Debug|Any CPU.ActiveCfg = Debug|Any CPU
		{E3E95E5B-6B1E-47A8-8BAD-528D4237317A}.Debug|Any CPU.Build.0 = Debug|Any CPU
		{E3E95E5B-6B1E-47A8-8BAD-528D4237317A}.Debug|Mixed Platforms.ActiveCfg = Debug|Any CPU
		{E3E95E5B-6B1E-47A8-8BAD-528D4237317A}.Debug|Mixed Platforms.Build.0 = Debug|Any CPU
		{E3E95E5B-6B1E-47A8-8BAD-528D4237317A}.Debug|x86.ActiveCfg = Debug|Any CPU
		{E3E95E5B-6B1E-47A8-8BAD-528D4237317A}.Release|Any CPU.ActiveCfg = Release|Any CPU
		{E3E95E5B-6B1E-47A8-8BAD-528D4237317A}.Release|Any CPU.Build.0 = Release|Any CPU
		{E3E95E5B-6B1E-47A8-8BAD-528D4237317A}.Release|Mixed Platforms.ActiveCfg = Release|Any CPU
		{E3E95E5B-6B1E-47A8-8BAD-528D4237317A}.Release|Mixed Platforms.Build.0 = Release|Any CPU
		{E3E95E5B-6B1E-47A8-8BAD-528D4237317A}.Release|x86.ActiveCfg = Release|Any CPU
		{458AFACB-ED06-4FFE-B761-F28CC4AF88A6}.Debug|Any CPU.ActiveCfg = Debug|Any CPU
		{458AFACB-ED06-4FFE-B761-F28CC4AF88A6}.Debug|Any CPU.Build.0 = Debug|Any CPU
		{458AFACB-ED06-4FFE-B761-F28CC4AF88A6}.Debug|Mixed Platforms.ActiveCfg = Debug|Any CPU
		{458AFACB-ED06-4FFE-B761-F28CC4AF88A6}.Debug|Mixed Platforms.Build.0 = Debug|Any CPU
		{458AFACB-ED06-4FFE-B761-F28CC4AF88A6}.Debug|x86.ActiveCfg = Debug|Any CPU
		{458AFACB-ED06-4FFE-B761-F28CC4AF88A6}.Release|Any CPU.ActiveCfg = Release|Any CPU
		{458AFACB-ED06-4FFE-B761-F28CC4AF88A6}.Release|Any CPU.Build.0 = Release|Any CPU
		{458AFACB-ED06-4FFE-B761-F28CC4AF88A6}.Release|Mixed Platforms.ActiveCfg = Release|Any CPU
		{458AFACB-ED06-4FFE-B761-F28CC4AF88A6}.Release|Mixed Platforms.Build.0 = Release|Any CPU
		{458AFACB-ED06-4FFE-B761-F28CC4AF88A6}.Release|x86.ActiveCfg = Release|Any CPU
		{9B1F0170-2354-43BE-896C-3F44120B387F}.Debug|Any CPU.ActiveCfg = Debug|Any CPU
		{9B1F0170-2354-43BE-896C-3F44120B387F}.Debug|Any CPU.Build.0 = Debug|Any CPU
		{9B1F0170-2354-43BE-896C-3F44120B387F}.Debug|Any CPU.Deploy.0 = Debug|Any CPU
		{9B1F0170-2354-43BE-896C-3F44120B387F}.Debug|Mixed Platforms.ActiveCfg = Debug|Any CPU
		{9B1F0170-2354-43BE-896C-3F44120B387F}.Debug|Mixed Platforms.Build.0 = Debug|Any CPU
		{9B1F0170-2354-43BE-896C-3F44120B387F}.Debug|Mixed Platforms.Deploy.0 = Debug|Any CPU
		{9B1F0170-2354-43BE-896C-3F44120B387F}.Debug|x86.ActiveCfg = Debug|Any CPU
		{9B1F0170-2354-43BE-896C-3F44120B387F}.Release|Any CPU.ActiveCfg = Release|Any CPU
		{9B1F0170-2354-43BE-896C-3F44120B387F}.Release|Any CPU.Build.0 = Release|Any CPU
		{9B1F0170-2354-43BE-896C-3F44120B387F}.Release|Any CPU.Deploy.0 = Release|Any CPU
		{9B1F0170-2354-43BE-896C-3F44120B387F}.Release|Mixed Platforms.ActiveCfg = Release|Any CPU
		{9B1F0170-2354-43BE-896C-3F44120B387F}.Release|Mixed Platforms.Build.0 = Release|Any CPU
		{9B1F0170-2354-43BE-896C-3F44120B387F}.Release|Mixed Platforms.Deploy.0 = Release|Any CPU
		{9B1F0170-2354-43BE-896C-3F44120B387F}.Release|x86.ActiveCfg = Release|Any CPU
	EndGlobalSection
	GlobalSection(SolutionProperties) = preSolution
		HideSolutionNode = FALSE
	EndGlobalSection
EndGlobal
