
Microsoft Visual Studio Solution File, Format Version 10.00
# Visual Studio 2008
Project("{D183A3D8-5FD8-494B-B014-37F57B35E655}") = "VISIONETDB_SSIS", "Integration Services Project1\VISIONETDB_SSIS.dtproj", "{AE31F33E-AE62-42DE-A8BF-2DC340D52198}"
EndProject
Global
	GlobalSection(SolutionConfigurationPlatforms) = preSolution
		Development|Default = Development|Default
	EndGlobalSection
	GlobalSection(ProjectConfigurationPlatforms) = postSolution
		{AE31F33E-AE62-42DE-A8BF-2DC340D52198}.Development|Default.ActiveCfg = Development
		{AE31F33E-AE62-42DE-A8BF-2DC340D52198}.Development|Default.Build.0 = Development
	EndGlobalSection
	GlobalSection(SolutionProperties) = preSolution
		HideSolutionNode = FALSE
	EndGlobalSection
EndGlobal
